// !$*UTF8*$!
{
	archiveVersion = 1;
	classes = {
	};
	objectVersion = 50;
	objects = {

/* Begin PBXBuildFile section */
		3D5DCAD82278E45C0086FE7E /* msHardHat.mlmodel in Sources */ = {isa = PBXBuildFile; fileRef = 3D5DCAD72278E45C0086FE7E /* msHardHat.mlmodel */; };
		3D9CFF582278C92400F412D6 /* AppDelegate.swift in Sources */ = {isa = PBXBuildFile; fileRef = 3D9CFF572278C92400F412D6 /* AppDelegate.swift */; };
		3D9CFF5A2278C92400F412D6 /* ViewController.swift in Sources */ = {isa = PBXBuildFile; fileRef = 3D9CFF592278C92400F412D6 /* ViewController.swift */; };
		3D9CFF5D2278C92400F412D6 /* Main.storyboard in Resources */ = {isa = PBXBuildFile; fileRef = 3D9CFF5B2278C92400F412D6 /* Main.storyboard */; };
		3D9CFF5F2278C92700F412D6 /* Assets.xcassets in Resources */ = {isa = PBXBuildFile; fileRef = 3D9CFF5E2278C92700F412D6 /* Assets.xcassets */; };
		3D9CFF622278C92700F412D6 /* LaunchScreen.storyboard in Resources */ = {isa = PBXBuildFile; fileRef = 3D9CFF602278C92700F412D6 /* LaunchScreen.storyboard */; };
		3D9CFF6D2278C92700F412D6 /* hardhatTests.swift in Sources */ = {isa = PBXBuildFile; fileRef = 3D9CFF6C2278C92700F412D6 /* hardhatTests.swift */; };
		3D9CFF782278C92700F412D6 /* hardhatUITests.swift in Sources */ = {isa = PBXBuildFile; fileRef = 3D9CFF772278C92700F412D6 /* hardhatUITests.swift */; };
		3D9CFF862278DA6D00F412D6 /* HardhatWatch.mlmodel in Sources */ = {isa = PBXBuildFile; fileRef = 3D9CFF852278DA6D00F412D6 /* HardhatWatch.mlmodel */; };
/* End PBXBuildFile section */

/* Begin PBXContainerItemProxy section */
		3D9CFF692278C92700F412D6 /* PBXContainerItemProxy */ = {
			isa = PBXContainerItemProxy;
			containerPortal = 3D9CFF4C2278C92400F412D6 /* Project object */;
			proxyType = 1;
			remoteGlobalIDString = 3D9CFF532278C92400F412D6;
			remoteInfo = hardhat;
		};
		3D9CFF742278C92700F412D6 /* PBXContainerItemProxy */ = {
			isa = PBXContainerItemProxy;
			containerPortal = 3D9CFF4C2278C92400F412D6 /* Project object */;
			proxyType = 1;
			remoteGlobalIDString = 3D9CFF532278C92400F412D6;
			remoteInfo = hardhat;
		};
/* End PBXContainerItemProxy section */

/* Begin PBXFileReference section */
		3D5DCAD72278E45C0086FE7E /* msHardHat.mlmodel */ = {isa = PBXFileReference; lastKnownFileType = file.mlmodel; path = msHardHat.mlmodel; sourceTree = "<group>"; };
		3D9CFF542278C92400F412D6 /* hardhat.app */ = {isa = PBXFileReference; explicitFileType = wrapper.application; includeInIndex = 0; path = hardhat.app; sourceTree = BUILT_PRODUCTS_DIR; };
		3D9CFF572278C92400F412D6 /* AppDelegate.swift */ = {isa = PBXFileReference; lastKnownFileType = sourcecode.swift; path = AppDelegate.swift; sourceTree = "<group>"; };
		3D9CFF592278C92400F412D6 /* ViewController.swift */ = {isa = PBXFileReference; lastKnownFileType = sourcecode.swift; path = ViewController.swift; sourceTree = "<group>"; };
		3D9CFF5C2278C92400F412D6 /* Base */ = {isa = PBXFileReference; lastKnownFileType = file.storyboard; name = Base; path = Base.lproj/Main.storyboard; sourceTree = "<group>"; };
		3D9CFF5E2278C92700F412D6 /* Assets.xcassets */ = {isa = PBXFileReference; lastKnownFileType = folder.assetcatalog; path = Assets.xcassets; sourceTree = "<group>"; };
		3D9CFF612278C92700F412D6 /* Base */ = {isa = PBXFileReference; lastKnownFileType = file.storyboard; name = Base; path = Base.lproj/LaunchScreen.storyboard; sourceTree = "<group>"; };
		3D9CFF632278C92700F412D6 /* Info.plist */ = {isa = PBXFileReference; lastKnownFileType = text.plist.xml; path = Info.plist; sourceTree = "<group>"; };
		3D9CFF682278C92700F412D6 /* hardhatTests.xctest */ = {isa = PBXFileReference; explicitFileType = wrapper.cfbundle; includeInIndex = 0; path = hardhatTests.xctest; sourceTree = BUILT_PRODUCTS_DIR; };
		3D9CFF6C2278C92700F412D6 /* hardhatTests.swift */ = {isa = PBXFileReference; lastKnownFileType = sourcecode.swift; path = hardhatTests.swift; sourceTree = "<group>"; };
		3D9CFF6E2278C92700F412D6 /* Info.plist */ = {isa = PBXFileReference; lastKnownFileType = text.plist.xml; path = Info.plist; sourceTree = "<group>"; };
		3D9CFF732278C92700F412D6 /* hardhatUITests.xctest */ = {isa = PBXFileReference; explicitFileType = wrapper.cfbundle; includeInIndex = 0; path = hardhatUITests.xctest; sourceTree = BUILT_PRODUCTS_DIR; };
		3D9CFF772278C92700F412D6 /* hardhatUITests.swift */ = {isa = PBXFileReference; lastKnownFileType = sourcecode.swift; path = hardhatUITests.swift; sourceTree = "<group>"; };
		3D9CFF792278C92700F412D6 /* Info.plist */ = {isa = PBXFileReference; lastKnownFileType = text.plist.xml; path = Info.plist; sourceTree = "<group>"; };
		3D9CFF852278DA6D00F412D6 /* HardhatWatch.mlmodel */ = {isa = PBXFileReference; lastKnownFileType = file.mlmodel; path = HardhatWatch.mlmodel; sourceTree = "<group>"; };
/* End PBXFileReference section */

/* Begin PBXFrameworksBuildPhase section */
		3D9CFF512278C92400F412D6 /* Frameworks */ = {
			isa = PBXFrameworksBuildPhase;
			buildActionMask = 2147483647;
			files = (
			);
			runOnlyForDeploymentPostprocessing = 0;
		};
		3D9CFF652278C92700F412D6 /* Frameworks */ = {
			isa = PBXFrameworksBuildPhase;
			buildActionMask = 2147483647;
			files = (
			);
			runOnlyForDeploymentPostprocessing = 0;
		};
		3D9CFF702278C92700F412D6 /* Frameworks */ = {
			isa = PBXFrameworksBuildPhase;
			buildActionMask = 2147483647;
			files = (
			);
			runOnlyForDeploymentPostprocessing = 0;
		};
/* End PBXFrameworksBuildPhase section */

/* Begin PBXGroup section */
		3D9CFF4B2278C92400F412D6 = {
			isa = PBXGroup;
			children = (
				3D9CFF562278C92400F412D6 /* hardhat */,
				3D9CFF6B2278C92700F412D6 /* hardhatTests */,
				3D9CFF762278C92700F412D6 /* hardhatUITests */,
				3D9CFF552278C92400F412D6 /* Products */,
			);
			sourceTree = "<group>";
		};
		3D9CFF552278C92400F412D6 /* Products */ = {
			isa = PBXGroup;
			children = (
				3D9CFF542278C92400F412D6 /* hardhat.app */,
				3D9CFF682278C92700F412D6 /* hardhatTests.xctest */,
				3D9CFF732278C92700F412D6 /* hardhatUITests.xctest */,
			);
			name = Products;
			sourceTree = "<group>";
		};
		3D9CFF562278C92400F412D6 /* hardhat */ = {
			isa = PBXGroup;
			children = (
				3D5DCAD72278E45C0086FE7E /* msHardHat.mlmodel */,
				3D9CFF852278DA6D00F412D6 /* HardhatWatch.mlmodel */,
				3D9CFF572278C92400F412D6 /* AppDelegate.swift */,
				3D9CFF592278C92400F412D6 /* ViewController.swift */,
				3D9CFF5B2278C92400F412D6 /* Main.storyboard */,
				3D9CFF5E2278C92700F412D6 /* Assets.xcassets */,
				3D9CFF602278C92700F412D6 /* LaunchScreen.storyboard */,
				3D9CFF632278C92700F412D6 /* Info.plist */,
			);
			path = hardhat;
			sourceTree = "<group>";
		};
		3D9CFF6B2278C92700F412D6 /* hardhatTests */ = {
			isa = PBXGroup;
			children = (
				3D9CFF6C2278C92700F412D6 /* hardhatTests.swift */,
				3D9CFF6E2278C92700F412D6 /* Info.plist */,
			);
			path = hardhatTests;
			sourceTree = "<group>";
		};
		3D9CFF762278C92700F412D6 /* hardhatUITests */ = {
			isa = PBXGroup;
			children = (
				3D9CFF772278C92700F412D6 /* hardhatUITests.swift */,
				3D9CFF792278C92700F412D6 /* Info.plist */,
			);
			path = hardhatUITests;
			sourceTree = "<group>";
		};
/* End PBXGroup section */

/* Begin PBXNativeTarget section */
		3D9CFF532278C92400F412D6 /* hardhat */ = {
			isa = PBXNativeTarget;
			buildConfigurationList = 3D9CFF7C2278C92700F412D6 /* Build configuration list for PBXNativeTarget "hardhat" */;
			buildPhases = (
				3D9CFF502278C92400F412D6 /* Sources */,
				3D9CFF512278C92400F412D6 /* Frameworks */,
				3D9CFF522278C92400F412D6 /* Resources */,
			);
			buildRules = (
			);
			dependencies = (
			);
			name = hardhat;
			productName = hardhat;
			productReference = 3D9CFF542278C92400F412D6 /* hardhat.app */;
			productType = "com.apple.product-type.application";
		};
		3D9CFF672278C92700F412D6 /* hardhatTests */ = {
			isa = PBXNativeTarget;
			buildConfigurationList = 3D9CFF7F2278C92700F412D6 /* Build configuration list for PBXNativeTarget "hardhatTests" */;
			buildPhases = (
				3D9CFF642278C92700F412D6 /* Sources */,
				3D9CFF652278C92700F412D6 /* Frameworks */,
				3D9CFF662278C92700F412D6 /* Resources */,
			);
			buildRules = (
			);
			dependencies = (
				3D9CFF6A2278C92700F412D6 /* PBXTargetDependency */,
			);
			name = hardhatTests;
			productName = hardhatTests;
			productReference = 3D9CFF682278C92700F412D6 /* hardhatTests.xctest */;
			productType = "com.apple.product-type.bundle.unit-test";
		};
		3D9CFF722278C92700F412D6 /* hardhatUITests */ = {
			isa = PBXNativeTarget;
			buildConfigurationList = 3D9CFF822278C92700F412D6 /* Build configuration list for PBXNativeTarget "hardhatUITests" */;
			buildPhases = (
				3D9CFF6F2278C92700F412D6 /* Sources */,
				3D9CFF702278C92700F412D6 /* Frameworks */,
				3D9CFF712278C92700F412D6 /* Resources */,
			);
			buildRules = (
			);
			dependencies = (
				3D9CFF752278C92700F412D6 /* PBXTargetDependency */,
			);
			name = hardhatUITests;
			productName = hardhatUITests;
			productReference = 3D9CFF732278C92700F412D6 /* hardhatUITests.xctest */;
			productType = "com.apple.product-type.bundle.ui-testing";
		};
/* End PBXNativeTarget section */

/* Begin PBXProject section */
		3D9CFF4C2278C92400F412D6 /* Project object */ = {
			isa = PBXProject;
			attributes = {
				LastSwiftUpdateCheck = 1020;
				LastUpgradeCheck = 1020;
				ORGANIZATIONNAME = "Fischer, Thomas Alfons";
				TargetAttributes = {
					3D9CFF532278C92400F412D6 = {
						CreatedOnToolsVersion = 10.2;
					};
					3D9CFF672278C92700F412D6 = {
						CreatedOnToolsVersion = 10.2;
						TestTargetID = 3D9CFF532278C92400F412D6;
					};
					3D9CFF722278C92700F412D6 = {
						CreatedOnToolsVersion = 10.2;
						TestTargetID = 3D9CFF532278C92400F412D6;
					};
				};
			};
			buildConfigurationList = 3D9CFF4F2278C92400F412D6 /* Build configuration list for PBXProject "hardhat" */;
			compatibilityVersion = "Xcode 9.3";
			developmentRegion = en;
			hasScannedForEncodings = 0;
			knownRegions = (
				en,
				Base,
			);
			mainGroup = 3D9CFF4B2278C92400F412D6;
			productRefGroup = 3D9CFF552278C92400F412D6 /* Products */;
			projectDirPath = "";
			projectRoot = "";
			targets = (
				3D9CFF532278C92400F412D6 /* hardhat */,
				3D9CFF672278C92700F412D6 /* hardhatTests */,
				3D9CFF722278C92700F412D6 /* hardhatUITests */,
			);
		};
/* End PBXProject section */

/* Begin PBXResourcesBuildPhase section */
		3D9CFF522278C92400F412D6 /* Resources */ = {
			isa = PBXResourcesBuildPhase;
			buildActionMask = 2147483647;
			files = (
				3D9CFF622278C92700F412D6 /* LaunchScreen.storyboard in Resources */,
				3D9CFF5F2278C92700F412D6 /* Assets.xcassets in Resources */,
				3D9CFF5D2278C92400F412D6 /* Main.storyboard in Resources */,
			);
			runOnlyForDeploymentPostprocessing = 0;
		};
		3D9CFF662278C92700F412D6 /* Resources */ = {
			isa = PBXResourcesBuildPhase;
			buildActionMask = 2147483647;
			files = (
			);
			runOnlyForDeploymentPostprocessing = 0;
		};
		3D9CFF712278C92700F412D6 /* Resources */ = {
			isa = PBXResourcesBuildPhase;
			buildActionMask = 2147483647;
			files = (
			);
			runOnlyForDeploymentPostprocessing = 0;
		};
/* End PBXResourcesBuildPhase section */

/* Begin PBXSourcesBuildPhase section */
		3D9CFF502278C92400F412D6 /* Sources */ = {
			isa = PBXSourcesBuildPhase;
			buildActionMask = 2147483647;
			files = (
				3D9CFF862278DA6D00F412D6 /* HardhatWatch.mlmodel in Sources */,
				3D9CFF5A2278C92400F412D6 /* ViewController.swift in Sources */,
				3D9CFF582278C92400F412D6 /* AppDelegate.swift in Sources */,
				3D5DCAD82278E45C0086FE7E /* msHardHat.mlmodel in Sources */,
			);
			runOnlyForDeploymentPostprocessing = 0;
		};
		3D9CFF642278C92700F412D6 /* Sources */ = {
			isa = PBXSourcesBuildPhase;
			buildActionMask = 2147483647;
			files = (
				3D9CFF6D2278C92700F412D6 /* hardhatTests.swift in Sources */,
			);
			runOnlyForDeploymentPostprocessing = 0;
		};
		3D9CFF6F2278C92700F412D6 /* Sources */ = {
			isa = PBXSourcesBuildPhase;
			buildActionMask = 2147483647;
			files = (
				3D9CFF782278C92700F412D6 /* hardhatUITests.swift in Sources */,
			);
			runOnlyForDeploymentPostprocessing = 0;
		};
/* End PBXSourcesBuildPhase section */

/* Begin PBXTargetDependency section */
		3D9CFF6A2278C92700F412D6 /* PBXTargetDependency */ = {
			isa = PBXTargetDependency;
			target = 3D9CFF532278C92400F412D6 /* hardhat */;
			targetProxy = 3D9CFF692278C92700F412D6 /* PBXContainerItemProxy */;
		};
		3D9CFF752278C92700F412D6 /* PBXTargetDependency */ = {
			isa = PBXTargetDependency;
			target = 3D9CFF532278C92400F412D6 /* hardhat */;
			targetProxy = 3D9CFF742278C92700F412D6 /* PBXContainerItemProxy */;
		};
/* End PBXTargetDependency section */

/* Begin PBXVariantGroup section */
		3D9CFF5B2278C92400F412D6 /* Main.storyboard */ = {
			isa = PBXVariantGroup;
			children = (
				3D9CFF5C2278C92400F412D6 /* Base */,
			);
			name = Main.storyboard;
			sourceTree = "<group>";
		};
		3D9CFF602278C92700F412D6 /* LaunchScreen.storyboard */ = {
			isa = PBXVariantGroup;
			children = (
				3D9CFF612278C92700F412D6 /* Base */,
			);
			name = LaunchScreen.storyboard;
			sourceTree = "<group>";
		};
/* End PBXVariantGroup section */

/* Begin XCBuildConfiguration section */
		3D9CFF7A2278C92700F412D6 /* Debug */ = {
			isa = XCBuildConfiguration;
			buildSettings = {
				ALWAYS_SEARCH_USER_PATHS = NO;
				CLANG_ANALYZER_NONNULL = YES;
				CLANG_ANALYZER_NUMBER_OBJECT_CONVERSION = YES_AGGRESSIVE;
				CLANG_CXX_LANGUAGE_STANDARD = "gnu++14";
				CLANG_CXX_LIBRARY = "libc++";
				CLANG_ENABLE_MODULES = YES;
				CLANG_ENABLE_OBJC_ARC = YES;
				CLANG_ENABLE_OBJC_WEAK = YES;
				CLANG_WARN_BLOCK_CAPTURE_AUTORELEASING = YES;
				CLANG_WARN_BOOL_CONVERSION = YES;
				CLANG_WARN_COMMA = YES;
				CLANG_WARN_CONSTANT_CONVERSION = YES;
				CLANG_WARN_DEPRECATED_OBJC_IMPLEMENTATIONS = YES;
				CLANG_WARN_DIRECT_OBJC_ISA_USAGE = YES_ERROR;
				CLANG_WARN_DOCUMENTATION_COMMENTS = YES;
				CLANG_WARN_EMPTY_BODY = YES;
				CLANG_WARN_ENUM_CONVERSION = YES;
				CLANG_WARN_INFINITE_RECURSION = YES;
				CLANG_WARN_INT_CONVERSION = YES;
				CLANG_WARN_NON_LITERAL_NULL_CONVERSION = YES;
				CLANG_WARN_OBJC_IMPLICIT_RETAIN_SELF = YES;
				CLANG_WARN_OBJC_LITERAL_CONVERSION = YES;
				CLANG_WARN_OBJC_ROOT_CLASS = YES_ERROR;
				CLANG_WARN_RANGE_LOOP_ANALYSIS = YES;
				CLANG_WARN_STRICT_PROTOTYPES = YES;
				CLANG_WARN_SUSPICIOUS_MOVE = YES;
				CLANG_WARN_UNGUARDED_AVAILABILITY = YES_AGGRESSIVE;
				CLANG_WARN_UNREACHABLE_CODE = YES;
				CLANG_WARN__DUPLICATE_METHOD_MATCH = YES;
				CODE_SIGN_IDENTITY = "iPhone Developer";
				COPY_PHASE_STRIP = NO;
				DEBUG_INFORMATION_FORMAT = dwarf;
				ENABLE_STRICT_OBJC_MSGSEND = YES;
				ENABLE_TESTABILITY = YES;
				GCC_C_LANGUAGE_STANDARD = gnu11;
				GCC_DYNAMIC_NO_PIC = NO;
				GCC_NO_COMMON_BLOCKS = YES;
				GCC_OPTIMIZATION_LEVEL = 0;
				GCC_PREPROCESSOR_DEFINITIONS = (
					"DEBUG=1",
					"$(inherited)",
				);
				GCC_WARN_64_TO_32_BIT_CONVERSION = YES;
				GCC_WARN_ABOUT_RETURN_TYPE = YES_ERROR;
				GCC_WARN_UNDECLARED_SELECTOR = YES;
				GCC_WARN_UNINITIALIZED_AUTOS = YES_AGGRESSIVE;
				GCC_WARN_UNUSED_FUNCTION = YES;
				GCC_WARN_UNUSED_VARIABLE = YES;
				IPHONEOS_DEPLOYMENT_TARGET = 12.2;
				MTL_ENABLE_DEBUG_INFO = INCLUDE_SOURCE;
				MTL_FAST_MATH = YES;
				ONLY_ACTIVE_ARCH = YES;
				SDKROOT = iphoneos;
				SWIFT_ACTIVE_COMPILATION_CONDITIONS = DEBUG;
				SWIFT_OPTIMIZATION_LEVEL = "-Onone";
			};
			name = Debug;
		};
		3D9CFF7B2278C92700F412D6 /* Release */ = {
			isa = XCBuildConfiguration;
			buildSettings = {
				ALWAYS_SEARCH_USER_PATHS = NO;
				CLANG_ANALYZER_NONNULL = YES;
				CLANG_ANALYZER_NUMBER_OBJECT_CONVERSION = YES_AGGRESSIVE;
				CLANG_CXX_LANGUAGE_STANDARD = "gnu++14";
				CLANG_CXX_LIBRARY = "libc++";
				CLANG_ENABLE_MODULES = YES;
				CLANG_ENABLE_OBJC_ARC = YES;
				CLANG_ENABLE_OBJC_WEAK = YES;
				CLANG_WARN_BLOCK_CAPTURE_AUTORELEASING = YES;
				CLANG_WARN_BOOL_CONVERSION = YES;
				CLANG_WARN_COMMA = YES;
				CLANG_WARN_CONSTANT_CONVERSION = YES;
				CLANG_WARN_DEPRECATED_OBJC_IMPLEMENTATIONS = YES;
				CLANG_WARN_DIRECT_OBJC_ISA_USAGE = YES_ERROR;
				CLANG_WARN_DOCUMENTATION_COMMENTS = YES;
				CLANG_WARN_EMPTY_BODY = YES;
				CLANG_WARN_ENUM_CONVERSION = YES;
				CLANG_WARN_INFINITE_RECURSION = YES;
				CLANG_WARN_INT_CONVERSION = YES;
				CLANG_WARN_NON_LITERAL_NULL_CONVERSION = YES;
				CLANG_WARN_OBJC_IMPLICIT_RETAIN_SELF = YES;
				CLANG_WARN_OBJC_LITERAL_CONVERSION = YES;
				CLANG_WARN_OBJC_ROOT_CLASS = YES_ERROR;
				CLANG_WARN_RANGE_LOOP_ANALYSIS = YES;
				CLANG_WARN_STRICT_PROTOTYPES = YES;
				CLANG_WARN_SUSPICIOUS_MOVE = YES;
				CLANG_WARN_UNGUARDED_AVAILABILITY = YES_AGGRESSIVE;
				CLANG_WARN_UNREACHABLE_CODE = YES;
				CLANG_WARN__DUPLICATE_METHOD_MATCH = YES;
				CODE_SIGN_IDENTITY = "iPhone Developer";
				COPY_PHASE_STRIP = NO;
				DEBUG_INFORMATION_FORMAT = "dwarf-with-dsym";
				ENABLE_NS_ASSERTIONS = NO;
				ENABLE_STRICT_OBJC_MSGSEND = YES;
				GCC_C_LANGUAGE_STANDARD = gnu11;
				GCC_NO_COMMON_BLOCKS = YES;
				GCC_WARN_64_TO_32_BIT_CONVERSION = YES;
				GCC_WARN_ABOUT_RETURN_TYPE = YES_ERROR;
				GCC_WARN_UNDECLARED_SELECTOR = YES;
				GCC_WARN_UNINITIALIZED_AUTOS = YES_AGGRESSIVE;
				GCC_WARN_UNUSED_FUNCTION = YES;
				GCC_WARN_UNUSED_VARIABLE = YES;
				IPHONEOS_DEPLOYMENT_TARGET = 12.2;
				MTL_ENABLE_DEBUG_INFO = NO;
				MTL_FAST_MATH = YES;
				SDKROOT = iphoneos;
				SWIFT_COMPILATION_MODE = wholemodule;
				SWIFT_OPTIMIZATION_LEVEL = "-O";
				VALIDATE_PRODUCT = YES;
			};
			name = Release;
		};
		3D9CFF7D2278C92700F412D6 /* Debug */ = {
			isa = XCBuildConfiguration;
			buildSettings = {
				ASSETCATALOG_COMPILER_APPICON_NAME = AppIcon;
				CODE_SIGN_STYLE = Automatic;
				DEVELOPMENT_TEAM = P3U7877A3H;
				INFOPLIST_FILE = hardhat/Info.plist;
				LD_RUNPATH_SEARCH_PATHS = (
					"$(inherited)",
					"@executable_path/Frameworks",
				);
				PRODUCT_BUNDLE_IDENTIFIER = gov.tva.hardhatdev;
				PRODUCT_NAME = "$(TARGET_NAME)";
				SWIFT_VERSION = 5.0;
				TARGETED_DEVICE_FAMILY = "1,2";
			};
			name = Debug;
		};
		3D9CFF7E2278C92700F412D6 /* Release */ = {
			isa = XCBuildConfiguration;
			buildSettings = {
				ASSETCATALOG_COMPILER_APPICON_NAME = AppIcon;
				CODE_SIGN_STYLE = Automatic;
				DEVELOPMENT_TEAM = P3U7877A3H;
				INFOPLIST_FILE = hardhat/Info.plist;
				LD_RUNPATH_SEARCH_PATHS = (
					"$(inherited)",
					"@executable_path/Frameworks",
				);
				PRODUCT_BUNDLE_IDENTIFIER = gov.tva.hardhatdev;
				PRODUCT_NAME = "$(TARGET_NAME)";
				SWIFT_VERSION = 5.0;
				TARGETED_DEVICE_FAMILY = "1,2";
			};
			name = Release;
		};
		3D9CFF802278C92700F412D6 /* Debug */ = {
			isa = XCBuildConfiguration;
			buildSettings = {
				ALWAYS_EMBED_SWIFT_STANDARD_LIBRARIES = YES;
				BUNDLE_LOADER = "$(TEST_HOST)";
				CODE_SIGN_STYLE = Automatic;
				INFOPLIST_FILE = hardhatTests/Info.plist;
				LD_RUNPATH_SEARCH_PATHS = (
					"$(inherited)",
					"@executable_path/Frameworks",
					"@loader_path/Frameworks",
				);
				PRODUCT_BUNDLE_IDENTIFIER = gov.tva.hardhatdev.hardhatTests;
				PRODUCT_NAME = "$(TARGET_NAME)";
				SWIFT_VERSION = 5.0;
				TARGETED_DEVICE_FAMILY = "1,2";
				TEST_HOST = "$(BUILT_PRODUCTS_DIR)/hardhat.app/hardhat";
			};
			name = Debug;
		};
		3D9CFF812278C92700F412D6 /* Release */ = {
			isa = XCBuildConfiguration;
			buildSettings = {
				ALWAYS_EMBED_SWIFT_STANDARD_LIBRARIES = YES;
				BUNDLE_LOADER = "$(TEST_HOST)";
				CODE_SIGN_STYLE = Automatic;
				INFOPLIST_FILE = hardhatTests/Info.plist;
				LD_RUNPATH_SEARCH_PATHS = (
					"$(inherited)",
					"@executable_path/Frameworks",
					"@loader_path/Frameworks",
				);
				PRODUCT_BUNDLE_IDENTIFIER = gov.tva.hardhatdev.hardhatTests;
				PRODUCT_NAME = "$(TARGET_NAME)";
				SWIFT_VERSION = 5.0;
				TARGETED_DEVICE_FAMILY = "1,2";
				TEST_HOST = "$(BUILT_PRODUCTS_DIR)/hardhat.app/hardhat";
			};
			name = Release;
		};
		3D9CFF832278C92700F412D6 /* Debug */ = {
			isa = XCBuildConfiguration;
			buildSettings = {
				ALWAYS_EMBED_SWIFT_STANDARD_LIBRARIES = YES;
				CODE_SIGN_STYLE = Automatic;
				INFOPLIST_FILE = hardhatUITests/Info.plist;
				LD_RUNPATH_SEARCH_PATHS = (
					"$(inherited)",
					"@executable_path/Frameworks",
					"@loader_path/Frameworks",
				);
				PRODUCT_BUNDLE_IDENTIFIER = gov.tva.hardhatdev.hardhatUITests;
				PRODUCT_NAME = "$(TARGET_NAME)";
				SWIFT_VERSION = 5.0;
				TARGETED_DEVICE_FAMILY = "1,2";
				TEST_TARGET_NAME = hardhat;
			};
			name = Debug;
		};
		3D9CFF842278C92700F412D6 /* Release */ = {
			isa = XCBuildConfiguration;
			buildSettings = {
				ALWAYS_EMBED_SWIFT_STANDARD_LIBRARIES = YES;
				CODE_SIGN_STYLE = Automatic;
				INFOPLIST_FILE = hardhatUITests/Info.plist;
				LD_RUNPATH_SEARCH_PATHS = (
					"$(inherited)",
					"@executable_path/Frameworks",
					"@loader_path/Frameworks",
				);
				PRODUCT_BUNDLE_IDENTIFIER = gov.tva.hardhatdev.hardhatUITests;
				PRODUCT_NAME = "$(TARGET_NAME)";
				SWIFT_VERSION = 5.0;
				TARGETED_DEVICE_FAMILY = "1,2";
				TEST_TARGET_NAME = hardhat;
			};
			name = Release;
		};
/* End XCBuildConfiguration section */

/* Begin XCConfigurationList section */
		3D9CFF4F2278C92400F412D6 /* Build configuration list for PBXProject "hardhat" */ = {
			isa = XCConfigurationList;
			buildConfigurations = (
				3D9CFF7A2278C92700F412D6 /* Debug */,
				3D9CFF7B2278C92700F412D6 /* Release */,
			);
			defaultConfigurationIsVisible = 0;
			defaultConfigurationName = Release;
		};
		3D9CFF7C2278C92700F412D6 /* Build configuration list for PBXNativeTarget "hardhat" */ = {
			isa = XCConfigurationList;
			buildConfigurations = (
				3D9CFF7D2278C92700F412D6 /* Debug */,
				3D9CFF7E2278C92700F412D6 /* Release */,
			);
			defaultConfigurationIsVisible = 0;
			defaultConfigurationName = Release;
		};
		3D9CFF7F2278C92700F412D6 /* Build configuration list for PBXNativeTarget "hardhatTests" */ = {
			isa = XCConfigurationList;
			buildConfigurations = (
				3D9CFF802278C92700F412D6 /* Debug */,
				3D9CFF812278C92700F412D6 /* Release */,
			);
			defaultConfigurationIsVisible = 0;
			defaultConfigurationName = Release;
		};
		3D9CFF822278C92700F412D6 /* Build configuration list for PBXNativeTarget "hardhatUITests" */ = {
			isa = XCConfigurationList;
			buildConfigurations = (
				3D9CFF832278C92700F412D6 /* Debug */,
				3D9CFF842278C92700F412D6 /* Release */,
			);
			defaultConfigurationIsVisible = 0;
			defaultConfigurationName = Release;
		};
/* End XCConfigurationList section */
	};
	rootObject = 3D9CFF4C2278C92400F412D6 /* Project object */;
}
